
Microsoft Visual Studio Solution File, Format Version 12.00
Project("{FAE04EC0-301F-11D3-BF4B-00C04F79EFBC}") = "GeometryLibrary", "GeometryLibrary\GeometryLibrary.csproj", "{45BD356B-95B8-4CD3-AC65-9D3BD4B58827}"
EndProject
Project("{FAE04EC0-301F-11D3-BF4B-00C04F79EFBC}") = "GeometryLibrary.Tests", "GeometryLibrary.Tests\GeometryLibrary.Tests.csproj", "{899A4AB0-7B2A-4876-9124-0833BC756DA0}"
EndProject
Global
	GlobalSection(SolutionConfigurationPlatforms) = preSolution
		Debug|Any CPU = Debug|Any CPU
		Release|Any CPU = Release|Any CPU
	EndGlobalSection
	GlobalSection(ProjectConfigurationPlatforms) = postSolution
		{45BD356B-95B8-4CD3-AC65-9D3BD4B58827}.Debug|Any CPU.ActiveCfg = Debug|Any CPU
		{45BD356B-95B8-4CD3-AC65-9D3BD4B58827}.Debug|Any CPU.Build.0 = Debug|Any CPU
		{45BD356B-95B8-4CD3-AC65-9D3BD4B58827}.Release|Any CPU.ActiveCfg = Release|Any CPU
		{45BD356B-95B8-4CD3-AC65-9D3BD4B58827}.Release|Any CPU.Build.0 = Release|Any CPU
		{899A4AB0-7B2A-4876-9124-0833BC756DA0}.Debug|Any CPU.ActiveCfg = Debug|Any CPU
		{899A4AB0-7B2A-4876-9124-0833BC756DA0}.Debug|Any CPU.Build.0 = Debug|Any CPU
		{899A4AB0-7B2A-4876-9124-0833BC756DA0}.Release|Any CPU.ActiveCfg = Release|Any CPU
		{899A4AB0-7B2A-4876-9124-0833BC756DA0}.Release|Any CPU.Build.0 = Release|Any CPU
	EndGlobalSection
EndGlobal
